
Microsoft Visual Studio Solution File, Format Version 12.00
# Visual Studio 2013
VisualStudioVersion = 12.0.21005.1
MinimumVisualStudioVersion = 10.0.40219.1
Project("{FAE04EC0-301F-11D3-BF4B-00C04F79EFBC}") = "JsonEditor-Backend.API", "JsonEditor-Backend.API\JsonEditor-Backend.API.csproj", "{C797886B-555D-4A36-A218-7D3135C2B61C}"
EndProject
Project("{FAE04EC0-301F-11D3-BF4B-00C04F79EFBC}") = "JsonEditor-Backend.API.Tests", "JsonEditor-Backend.API.Tests\JsonEditor-Backend.API.Tests.csproj", "{D0056540-3A6D-4E3C-BC66-7F32AF0030D3}"
EndProject
Global
	GlobalSection(SolutionConfigurationPlatforms) = preSolution
		Debug|Any CPU = Debug|Any CPU
		Release|Any CPU = Release|Any CPU
	EndGlobalSection
	GlobalSection(ProjectConfigurationPlatforms) = postSolution
		{C797886B-555D-4A36-A218-7D3135C2B61C}.Debug|Any CPU.ActiveCfg = Debug|Any CPU
		{C797886B-555D-4A36-A218-7D3135C2B61C}.Debug|Any CPU.Build.0 = Debug|Any CPU
		{C797886B-555D-4A36-A218-7D3135C2B61C}.Release|Any CPU.ActiveCfg = Release|Any CPU
		{C797886B-555D-4A36-A218-7D3135C2B61C}.Release|Any CPU.Build.0 = Release|Any CPU
		{D0056540-3A6D-4E3C-BC66-7F32AF0030D3}.Debug|Any CPU.ActiveCfg = Debug|Any CPU
		{D0056540-3A6D-4E3C-BC66-7F32AF0030D3}.Debug|Any CPU.Build.0 = Debug|Any CPU
		{D0056540-3A6D-4E3C-BC66-7F32AF0030D3}.Release|Any CPU.ActiveCfg = Release|Any CPU
		{D0056540-3A6D-4E3C-BC66-7F32AF0030D3}.Release|Any CPU.Build.0 = Release|Any CPU
	EndGlobalSection
	GlobalSection(SolutionProperties) = preSolution
		HideSolutionNode = FALSE
	EndGlobalSection
EndGlobal
